
Microsoft Visual Studio Solution File, Format Version 12.00
# Visual Studio Version 17
VisualStudioVersion = 17.4.33213.308
MinimumVisualStudioVersion = 10.0.40219.1
Project("{FAE04EC0-301F-11D3-BF4B-00C04F79EFBC}") = "Exercicio8", "Exercicio8\Exercicio8.csproj", "{97C73AAA-26D6-482E-A3C3-EC3B9BB832C6}"
EndProject
Global
	GlobalSection(SolutionConfigurationPlatforms) = preSolution
		Debug|Any CPU = Debug|Any CPU
		Release|Any CPU = Release|Any CPU
	EndGlobalSection
	GlobalSection(ProjectConfigurationPlatforms) = postSolution
		{97C73AAA-26D6-482E-A3C3-EC3B9BB832C6}.Debug|Any CPU.ActiveCfg = Debug|Any CPU
		{97C73AAA-26D6-482E-A3C3-EC3B9BB832C6}.Debug|Any CPU.Build.0 = Debug|Any CPU
		{97C73AAA-26D6-482E-A3C3-EC3B9BB832C6}.Release|Any CPU.ActiveCfg = Release|Any CPU
		{97C73AAA-26D6-482E-A3C3-EC3B9BB832C6}.Release|Any CPU.Build.0 = Release|Any CPU
	EndGlobalSection
	GlobalSection(SolutionProperties) = preSolution
		HideSolutionNode = FALSE
	EndGlobalSection
	GlobalSection(ExtensibilityGlobals) = postSolution
		SolutionGuid = {C6E62661-55ED-49C4-B5FC-8FD8E826EF6E}
	EndGlobalSection
EndGlobal
