
Microsoft Visual Studio Solution File, Format Version 12.00
# Visual Studio Version 17
VisualStudioVersion = 17.5.33414.496
MinimumVisualStudioVersion = 10.0.40219.1
Project("{FAE04EC0-301F-11D3-BF4B-00C04F79EFBC}") = "Exercicio1", "Exercicio1\Exercicio1.csproj", "{BDD2B5D7-E0A0-4E1A-A978-C945930870B7}"
EndProject
Global
	GlobalSection(SolutionConfigurationPlatforms) = preSolution
		Debug|Any CPU = Debug|Any CPU
		Release|Any CPU = Release|Any CPU
	EndGlobalSection
	GlobalSection(ProjectConfigurationPlatforms) = postSolution
		{BDD2B5D7-E0A0-4E1A-A978-C945930870B7}.Debug|Any CPU.ActiveCfg = Debug|Any CPU
		{BDD2B5D7-E0A0-4E1A-A978-C945930870B7}.Debug|Any CPU.Build.0 = Debug|Any CPU
		{BDD2B5D7-E0A0-4E1A-A978-C945930870B7}.Release|Any CPU.ActiveCfg = Release|Any CPU
		{BDD2B5D7-E0A0-4E1A-A978-C945930870B7}.Release|Any CPU.Build.0 = Release|Any CPU
	EndGlobalSection
	GlobalSection(SolutionProperties) = preSolution
		HideSolutionNode = FALSE
	EndGlobalSection
	GlobalSection(ExtensibilityGlobals) = postSolution
		SolutionGuid = {16298EE0-1B10-4860-A0A7-9FE30076D0A8}
	EndGlobalSection
EndGlobal
